
Microsoft Visual Studio Solution File, Format Version 12.00
# Visual Studio 15
VisualStudioVersion = 15.0.28307.757
MinimumVisualStudioVersion = 10.0.40219.1
Project("{FAE04EC0-301F-11D3-BF4B-00C04F79EFBC}") = "BackEnd", "BackEnd\BackEnd.csproj", "{515E88EC-97E7-4FA7-94B3-9BF65D9E7C74}"
EndProject
Project("{FAE04EC0-301F-11D3-BF4B-00C04F79EFBC}") = "Muex.Shared", "Muex.Shared\Muex.Shared.csproj", "{77A92BA8-FF0E-49F5-A551-925C176570C0}"
EndProject
Global
	GlobalSection(SolutionConfigurationPlatforms) = preSolution
		Debug|Any CPU = Debug|Any CPU
		Release|Any CPU = Release|Any CPU
	EndGlobalSection
	GlobalSection(ProjectConfigurationPlatforms) = postSolution
		{515E88EC-97E7-4FA7-94B3-9BF65D9E7C74}.Debug|Any CPU.ActiveCfg = Debug|Any CPU
		{515E88EC-97E7-4FA7-94B3-9BF65D9E7C74}.Debug|Any CPU.Build.0 = Debug|Any CPU
		{515E88EC-97E7-4FA7-94B3-9BF65D9E7C74}.Release|Any CPU.ActiveCfg = Release|Any CPU
		{515E88EC-97E7-4FA7-94B3-9BF65D9E7C74}.Release|Any CPU.Build.0 = Release|Any CPU
		{77A92BA8-FF0E-49F5-A551-925C176570C0}.Debug|Any CPU.ActiveCfg = Debug|Any CPU
		{77A92BA8-FF0E-49F5-A551-925C176570C0}.Debug|Any CPU.Build.0 = Debug|Any CPU
		{77A92BA8-FF0E-49F5-A551-925C176570C0}.Release|Any CPU.ActiveCfg = Release|Any CPU
		{77A92BA8-FF0E-49F5-A551-925C176570C0}.Release|Any CPU.Build.0 = Release|Any CPU
	EndGlobalSection
	GlobalSection(SolutionProperties) = preSolution
		HideSolutionNode = FALSE
	EndGlobalSection
	GlobalSection(ExtensibilityGlobals) = postSolution
		SolutionGuid = {DB055E90-302B-4FAF-83EB-4F5B8E86B64C}
	EndGlobalSection
EndGlobal
